// !$*UTF8*$!
{
	archiveVersion = 1;
	classes = {
	};
	objectVersion = 46;
	objects = {

/* Begin PBXBuildFile section */
		65F0FF561CE02BAD00535749 /* main.m in Sources */ = {isa = PBXBuildFile; fileRef = 65F0FF551CE02BAD00535749 /* main.m */; };
		65F0FF591CE02BAD00535749 /* AppDelegate.m in Sources */ = {isa = PBXBuildFile; fileRef = 65F0FF581CE02BAD00535749 /* AppDelegate.m */; };
		65F0FF5C1CE02BAD00535749 /* ViewController.m in Sources */ = {isa = PBXBuildFile; fileRef = 65F0FF5B1CE02BAD00535749 /* ViewController.m */; };
		65F0FF5F1CE02BAD00535749 /* Main.storyboard in Resources */ = {isa = PBXBuildFile; fileRef = 65F0FF5D1CE02BAD00535749 /* Main.storyboard */; };
		65F0FF611CE02BAD00535749 /* Assets.xcassets in Resources */ = {isa = PBXBuildFile; fileRef = 65F0FF601CE02BAD00535749 /* Assets.xcassets */; };
		65F0FF641CE02BAD00535749 /* LaunchScreen.storyboard in Resources */ = {isa = PBXBuildFile; fileRef = 65F0FF621CE02BAD00535749 /* LaunchScreen.storyboard */; };
		65F0FF6F1CE02BAD00535749 /* FrostedGlassTests.m in Sources */ = {isa = PBXBuildFile; fileRef = 65F0FF6E1CE02BAD00535749 /* FrostedGlassTests.m */; };
		65F0FF7A1CE02BAD00535749 /* FrostedGlassUITests.m in Sources */ = {isa = PBXBuildFile; fileRef = 65F0FF791CE02BAD00535749 /* FrostedGlassUITests.m */; };
/* End PBXBuildFile section */

/* Begin PBXContainerItemProxy section */
		65F0FF6B1CE02BAD00535749 /* PBXContainerItemProxy */ = {
			isa = PBXContainerItemProxy;
			containerPortal = 65F0FF491CE02BAD00535749 /* Project object */;
			proxyType = 1;
			remoteGlobalIDString = 65F0FF501CE02BAD00535749;
			remoteInfo = FrostedGlass;
		};
		65F0FF761CE02BAD00535749 /* PBXContainerItemProxy */ = {
			isa = PBXContainerItemProxy;
			containerPortal = 65F0FF491CE02BAD00535749 /* Project object */;
			proxyType = 1;
			remoteGlobalIDString = 65F0FF501CE02BAD00535749;
			remoteInfo = FrostedGlass;
		};
/* End PBXContainerItemProxy section */

/* Begin PBXFileReference section */
		65F0FF511CE02BAD00535749 /* FrostedGlass.app */ = {isa = PBXFileReference; explicitFileType = wrapper.application; includeInIndex = 0; path = FrostedGlass.app; sourceTree = BUILT_PRODUCTS_DIR; };
		65F0FF551CE02BAD00535749 /* main.m */ = {isa = PBXFileReference; lastKnownFileType = sourcecode.c.objc; path = main.m; sourceTree = "<group>"; };
		65F0FF571CE02BAD00535749 /* AppDelegate.h */ = {isa = PBXFileReference; lastKnownFileType = sourcecode.c.h; path = AppDelegate.h; sourceTree = "<group>"; };
		65F0FF581CE02BAD00535749 /* AppDelegate.m */ = {isa = PBXFileReference; lastKnownFileType = sourcecode.c.objc; path = AppDelegate.m; sourceTree = "<group>"; };
		65F0FF5A1CE02BAD00535749 /* ViewController.h */ = {isa = PBXFileReference; lastKnownFileType = sourcecode.c.h; path = ViewController.h; sourceTree = "<group>"; };
		65F0FF5B1CE02BAD00535749 /* ViewController.m */ = {isa = PBXFileReference; lastKnownFileType = sourcecode.c.objc; path = ViewController.m; sourceTree = "<group>"; };
		65F0FF5E1CE02BAD00535749 /* Base */ = {isa = PBXFileReference; lastKnownFileType = file.storyboard; name = Base; path = Base.lproj/Main.storyboard; sourceTree = "<group>"; };
		65F0FF601CE02BAD00535749 /* Assets.xcassets */ = {isa = PBXFileReference; lastKnownFileType = folder.assetcatalog; path = Assets.xcassets; sourceTree = "<group>"; };
		65F0FF631CE02BAD00535749 /* Base */ = {isa = PBXFileReference; lastKnownFileType = file.storyboard; name = Base; path = Base.lproj/LaunchScreen.storyboard; sourceTree = "<group>"; };
		65F0FF651CE02BAD00535749 /* Info.plist */ = {isa = PBXFileReference; lastKnownFileType = text.plist.xml; path = Info.plist; sourceTree = "<group>"; };
		65F0FF6A1CE02BAD00535749 /* FrostedGlassTests.xctest */ = {isa = PBXFileReference; explicitFileType = wrapper.cfbundle; includeInIndex = 0; path = FrostedGlassTests.xctest; sourceTree = BUILT_PRODUCTS_DIR; };
		65F0FF6E1CE02BAD00535749 /* FrostedGlassTests.m */ = {isa = PBXFileReference; lastKnownFileType = sourcecode.c.objc; path = FrostedGlassTests.m; sourceTree = "<group>"; };
		65F0FF701CE02BAD00535749 /* Info.plist */ = {isa = PBXFileReference; lastKnownFileType = text.plist.xml; path = Info.plist; sourceTree = "<group>"; };
		65F0FF751CE02BAD00535749 /* FrostedGlassUITests.xctest */ = {isa = PBXFileReference; explicitFileType = wrapper.cfbundle; includeInIndex = 0; path = FrostedGlassUITests.xctest; sourceTree = BUILT_PRODUCTS_DIR; };
		65F0FF791CE02BAD00535749 /* FrostedGlassUITests.m */ = {isa = PBXFileReference; lastKnownFileType = sourcecode.c.objc; path = FrostedGlassUITests.m; sourceTree = "<group>"; };
		65F0FF7B1CE02BAD00535749 /* Info.plist */ = {isa = PBXFileReference; lastKnownFileType = text.plist.xml; path = Info.plist; sourceTree = "<group>"; };
/* End PBXFileReference section */

/* Begin PBXFrameworksBuildPhase section */
		65F0FF4E1CE02BAD00535749 /* Frameworks */ = {
			isa = PBXFrameworksBuildPhase;
			buildActionMask = 2147483647;
			files = (
			);
			runOnlyForDeploymentPostprocessing = 0;
		};
		65F0FF671CE02BAD00535749 /* Frameworks */ = {
			isa = PBXFrameworksBuildPhase;
			buildActionMask = 2147483647;
			files = (
			);
			runOnlyForDeploymentPostprocessing = 0;
		};
		65F0FF721CE02BAD00535749 /* Frameworks */ = {
			isa = PBXFrameworksBuildPhase;
			buildActionMask = 2147483647;
			files = (
			);
			runOnlyForDeploymentPostprocessing = 0;
		};
/* End PBXFrameworksBuildPhase section */

/* Begin PBXGroup section */
		65F0FF481CE02BAD00535749 = {
			isa = PBXGroup;
			children = (
				65F0FF531CE02BAD00535749 /* FrostedGlass */,
				65F0FF6D1CE02BAD00535749 /* FrostedGlassTests */,
				65F0FF781CE02BAD00535749 /* FrostedGlassUITests */,
				65F0FF521CE02BAD00535749 /* Products */,
			);
			sourceTree = "<group>";
		};
		65F0FF521CE02BAD00535749 /* Products */ = {
			isa = PBXGroup;
			children = (
				65F0FF511CE02BAD00535749 /* FrostedGlass.app */,
				65F0FF6A1CE02BAD00535749 /* FrostedGlassTests.xctest */,
				65F0FF751CE02BAD00535749 /* FrostedGlassUITests.xctest */,
			);
			name = Products;
			sourceTree = "<group>";
		};
		65F0FF531CE02BAD00535749 /* FrostedGlass */ = {
			isa = PBXGroup;
			children = (
				65F0FF571CE02BAD00535749 /* AppDelegate.h */,
				65F0FF581CE02BAD00535749 /* AppDelegate.m */,
				65F0FF5A1CE02BAD00535749 /* ViewController.h */,
				65F0FF5B1CE02BAD00535749 /* ViewController.m */,
				65F0FF5D1CE02BAD00535749 /* Main.storyboard */,
				65F0FF601CE02BAD00535749 /* Assets.xcassets */,
				65F0FF621CE02BAD00535749 /* LaunchScreen.storyboard */,
				65F0FF651CE02BAD00535749 /* Info.plist */,
				65F0FF541CE02BAD00535749 /* Supporting Files */,
			);
			path = FrostedGlass;
			sourceTree = "<group>";
		};
		65F0FF541CE02BAD00535749 /* Supporting Files */ = {
			isa = PBXGroup;
			children = (
				65F0FF551CE02BAD00535749 /* main.m */,
			);
			name = "Supporting Files";
			sourceTree = "<group>";
		};
		65F0FF6D1CE02BAD00535749 /* FrostedGlassTests */ = {
			isa = PBXGroup;
			children = (
				65F0FF6E1CE02BAD00535749 /* FrostedGlassTests.m */,
				65F0FF701CE02BAD00535749 /* Info.plist */,
			);
			path = FrostedGlassTests;
			sourceTree = "<group>";
		};
		65F0FF781CE02BAD00535749 /* FrostedGlassUITests */ = {
			isa = PBXGroup;
			children = (
				65F0FF791CE02BAD00535749 /* FrostedGlassUITests.m */,
				65F0FF7B1CE02BAD00535749 /* Info.plist */,
			);
			path = FrostedGlassUITests;
			sourceTree = "<group>";
		};
/* End PBXGroup section */

/* Begin PBXNativeTarget section */
		65F0FF501CE02BAD00535749 /* FrostedGlass */ = {
			isa = PBXNativeTarget;
			buildConfigurationList = 65F0FF7E1CE02BAD00535749 /* Build configuration list for PBXNativeTarget "FrostedGlass" */;
			buildPhases = (
				65F0FF4D1CE02BAD00535749 /* Sources */,
				65F0FF4E1CE02BAD00535749 /* Frameworks */,
				65F0FF4F1CE02BAD00535749 /* Resources */,
			);
			buildRules = (
			);
			dependencies = (
			);
			name = FrostedGlass;
			productName = FrostedGlass;
			productReference = 65F0FF511CE02BAD00535749 /* FrostedGlass.app */;
			productType = "com.apple.product-type.application";
		};
		65F0FF691CE02BAD00535749 /* FrostedGlassTests */ = {
			isa = PBXNativeTarget;
			buildConfigurationList = 65F0FF811CE02BAD00535749 /* Build configuration list for PBXNativeTarget "FrostedGlassTests" */;
			buildPhases = (
				65F0FF661CE02BAD00535749 /* Sources */,
				65F0FF671CE02BAD00535749 /* Frameworks */,
				65F0FF681CE02BAD00535749 /* Resources */,
			);
			buildRules = (
			);
			dependencies = (
				65F0FF6C1CE02BAD00535749 /* PBXTargetDependency */,
			);
			name = FrostedGlassTests;
			productName = FrostedGlassTests;
			productReference = 65F0FF6A1CE02BAD00535749 /* FrostedGlassTests.xctest */;
			productType = "com.apple.product-type.bundle.unit-test";
		};
		65F0FF741CE02BAD00535749 /* FrostedGlassUITests */ = {
			isa = PBXNativeTarget;
			buildConfigurationList = 65F0FF841CE02BAD00535749 /* Build configuration list for PBXNativeTarget "FrostedGlassUITests" */;
			buildPhases = (
				65F0FF711CE02BAD00535749 /* Sources */,
				65F0FF721CE02BAD00535749 /* Frameworks */,
				65F0FF731CE02BAD00535749 /* Resources */,
			);
			buildRules = (
			);
			dependencies = (
				65F0FF771CE02BAD00535749 /* PBXTargetDependency */,
			);
			name = FrostedGlassUITests;
			productName = FrostedGlassUITests;
			productReference = 65F0FF751CE02BAD00535749 /* FrostedGlassUITests.xctest */;
			productType = "com.apple.product-type.bundle.ui-testing";
		};
/* End PBXNativeTarget section */

/* Begin PBXProject section */
		65F0FF491CE02BAD00535749 /* Project object */ = {
			isa = PBXProject;
			attributes = {
				LastUpgradeCheck = 0720;
				ORGANIZATIONNAME = issuser;
				TargetAttributes = {
					65F0FF501CE02BAD00535749 = {
						CreatedOnToolsVersion = 7.2;
					};
					65F0FF691CE02BAD00535749 = {
						CreatedOnToolsVersion = 7.2;
						TestTargetID = 65F0FF501CE02BAD00535749;
					};
					65F0FF741CE02BAD00535749 = {
						CreatedOnToolsVersion = 7.2;
						TestTargetID = 65F0FF501CE02BAD00535749;
					};
				};
			};
			buildConfigurationList = 65F0FF4C1CE02BAD00535749 /* Build configuration list for PBXProject "FrostedGlass" */;
			compatibilityVersion = "Xcode 3.2";
			developmentRegion = English;
			hasScannedForEncodings = 0;
			knownRegions = (
				en,
				Base,
			);
			mainGroup = 65F0FF481CE02BAD00535749;
			productRefGroup = 65F0FF521CE02BAD00535749 /* Products */;
			projectDirPath = "";
			projectRoot = "";
			targets = (
				65F0FF501CE02BAD00535749 /* FrostedGlass */,
				65F0FF691CE02BAD00535749 /* FrostedGlassTests */,
				65F0FF741CE02BAD00535749 /* FrostedGlassUITests */,
			);
		};
/* End PBXProject section */

/* Begin PBXResourcesBuildPhase section */
		65F0FF4F1CE02BAD00535749 /* Resources */ = {
			isa = PBXResourcesBuildPhase;
			buildActionMask = 2147483647;
			files = (
				65F0FF641CE02BAD00535749 /* LaunchScreen.storyboard in Resources */,
				65F0FF611CE02BAD00535749 /* Assets.xcassets in Resources */,
				65F0FF5F1CE02BAD00535749 /* Main.storyboard in Resources */,
			);
			runOnlyForDeploymentPostprocessing = 0;
		};
		65F0FF681CE02BAD00535749 /* Resources */ = {
			isa = PBXResourcesBuildPhase;
			buildActionMask = 2147483647;
			files = (
			);
			runOnlyForDeploymentPostprocessing = 0;
		};
		65F0FF731CE02BAD00535749 /* Resources */ = {
			isa = PBXResourcesBuildPhase;
			buildActionMask = 2147483647;
			files = (
			);
			runOnlyForDeploymentPostprocessing = 0;
		};
/* End PBXResourcesBuildPhase section */

/* Begin PBXSourcesBuildPhase section */
		65F0FF4D1CE02BAD00535749 /* Sources */ = {
			isa = PBXSourcesBuildPhase;
			buildActionMask = 2147483647;
			files = (
				65F0FF5C1CE02BAD00535749 /* ViewController.m in Sources */,
				65F0FF591CE02BAD00535749 /* AppDelegate.m in Sources */,
				65F0FF561CE02BAD00535749 /* main.m in Sources */,
			);
			runOnlyForDeploymentPostprocessing = 0;
		};
		65F0FF661CE02BAD00535749 /* Sources */ = {
			isa = PBXSourcesBuildPhase;
			buildActionMask = 2147483647;
			files = (
				65F0FF6F1CE02BAD00535749 /* FrostedGlassTests.m in Sources */,
			);
			runOnlyForDeploymentPostprocessing = 0;
		};
		65F0FF711CE02BAD00535749 /* Sources */ = {
			isa = PBXSourcesBuildPhase;
			buildActionMask = 2147483647;
			files = (
				65F0FF7A1CE02BAD00535749 /* FrostedGlassUITests.m in Sources */,
			);
			runOnlyForDeploymentPostprocessing = 0;
		};
/* End PBXSourcesBuildPhase section */

/* Begin PBXTargetDependency section */
		65F0FF6C1CE02BAD00535749 /* PBXTargetDependency */ = {
			isa = PBXTargetDependency;
			target = 65F0FF501CE02BAD00535749 /* FrostedGlass */;
			targetProxy = 65F0FF6B1CE02BAD00535749 /* PBXContainerItemProxy */;
		};
		65F0FF771CE02BAD00535749 /* PBXTargetDependency */ = {
			isa = PBXTargetDependency;
			target = 65F0FF501CE02BAD00535749 /* FrostedGlass */;
			targetProxy = 65F0FF761CE02BAD00535749 /* PBXContainerItemProxy */;
		};
/* End PBXTargetDependency section */

/* Begin PBXVariantGroup section */
		65F0FF5D1CE02BAD00535749 /* Main.storyboard */ = {
			isa = PBXVariantGroup;
			children = (
				65F0FF5E1CE02BAD00535749 /* Base */,
			);
			name = Main.storyboard;
			sourceTree = "<group>";
		};
		65F0FF621CE02BAD00535749 /* LaunchScreen.storyboard */ = {
			isa = PBXVariantGroup;
			children = (
				65F0FF631CE02BAD00535749 /* Base */,
			);
			name = LaunchScreen.storyboard;
			sourceTree = "<group>";
		};
/* End PBXVariantGroup section */

/* Begin XCBuildConfiguration section */
		65F0FF7C1CE02BAD00535749 /* Debug */ = {
			isa = XCBuildConfiguration;
			buildSettings = {
				ALWAYS_SEARCH_USER_PATHS = NO;
				CLANG_CXX_LANGUAGE_STANDARD = "gnu++0x";
				CLANG_CXX_LIBRARY = "libc++";
				CLANG_ENABLE_MODULES = YES;
				CLANG_ENABLE_OBJC_ARC = YES;
				CLANG_WARN_BOOL_CONVERSION = YES;
				CLANG_WARN_CONSTANT_CONVERSION = YES;
				CLANG_WARN_DIRECT_OBJC_ISA_USAGE = YES_ERROR;
				CLANG_WARN_EMPTY_BODY = YES;
				CLANG_WARN_ENUM_CONVERSION = YES;
				CLANG_WARN_INT_CONVERSION = YES;
				CLANG_WARN_OBJC_ROOT_CLASS = YES_ERROR;
				CLANG_WARN_UNREACHABLE_CODE = YES;
				CLANG_WARN__DUPLICATE_METHOD_MATCH = YES;
				"CODE_SIGN_IDENTITY[sdk=iphoneos*]" = "iPhone Developer";
				COPY_PHASE_STRIP = NO;
				DEBUG_INFORMATION_FORMAT = dwarf;
				ENABLE_STRICT_OBJC_MSGSEND = YES;
				ENABLE_TESTABILITY = YES;
				GCC_C_LANGUAGE_STANDARD = gnu99;
				GCC_DYNAMIC_NO_PIC = NO;
				GCC_NO_COMMON_BLOCKS = YES;
				GCC_OPTIMIZATION_LEVEL = 0;
				GCC_PREPROCESSOR_DEFINITIONS = (
					"DEBUG=1",
					"$(inherited)",
				);
				GCC_WARN_64_TO_32_BIT_CONVERSION = YES;
				GCC_WARN_ABOUT_RETURN_TYPE = YES_ERROR;
				GCC_WARN_UNDECLARED_SELECTOR = YES;
				GCC_WARN_UNINITIALIZED_AUTOS = YES_AGGRESSIVE;
				GCC_WARN_UNUSED_FUNCTION = YES;
				GCC_WARN_UNUSED_VARIABLE = YES;
				IPHONEOS_DEPLOYMENT_TARGET = 9.2;
				MTL_ENABLE_DEBUG_INFO = YES;
				ONLY_ACTIVE_ARCH = YES;
				SDKROOT = iphoneos;
			};
			name = Debug;
		};
		65F0FF7D1CE02BAD00535749 /* Release */ = {
			isa = XCBuildConfiguration;
			buildSettings = {
				ALWAYS_SEARCH_USER_PATHS = NO;
				CLANG_CXX_LANGUAGE_STANDARD = "gnu++0x";
				CLANG_CXX_LIBRARY = "libc++";
				CLANG_ENABLE_MODULES = YES;
				CLANG_ENABLE_OBJC_ARC = YES;
				CLANG_WARN_BOOL_CONVERSION = YES;
				CLANG_WARN_CONSTANT_CONVERSION = YES;
				CLANG_WARN_DIRECT_OBJC_ISA_USAGE = YES_ERROR;
				CLANG_WARN_EMPTY_BODY = YES;
				CLANG_WARN_ENUM_CONVERSION = YES;
				CLANG_WARN_INT_CONVERSION = YES;
				CLANG_WARN_OBJC_ROOT_CLASS = YES_ERROR;
				CLANG_WARN_UNREACHABLE_CODE = YES;
				CLANG_WARN__DUPLICATE_METHOD_MATCH = YES;
				"CODE_SIGN_IDENTITY[sdk=iphoneos*]" = "iPhone Developer";
				COPY_PHASE_STRIP = NO;
				DEBUG_INFORMATION_FORMAT = "dwarf-with-dsym";
				ENABLE_NS_ASSERTIONS = NO;
				ENABLE_STRICT_OBJC_MSGSEND = YES;
				GCC_C_LANGUAGE_STANDARD = gnu99;
				GCC_NO_COMMON_BLOCKS = YES;
				GCC_WARN_64_TO_32_BIT_CONVERSION = YES;
				GCC_WARN_ABOUT_RETURN_TYPE = YES_ERROR;
				GCC_WARN_UNDECLARED_SELECTOR = YES;
				GCC_WARN_UNINITIALIZED_AUTOS = YES_AGGRESSIVE;
				GCC_WARN_UNUSED_FUNCTION = YES;
				GCC_WARN_UNUSED_VARIABLE = YES;
				IPHONEOS_DEPLOYMENT_TARGET = 9.2;
				MTL_ENABLE_DEBUG_INFO = NO;
				SDKROOT = iphoneos;
				VALIDATE_PRODUCT = YES;
			};
			name = Release;
		};
		65F0FF7F1CE02BAD00535749 /* Debug */ = {
			isa = XCBuildConfiguration;
			buildSettings = {
				ASSETCATALOG_COMPILER_APPICON_NAME = AppIcon;
				INFOPLIST_FILE = FrostedGlass/Info.plist;
				LD_RUNPATH_SEARCH_PATHS = "$(inherited) @executable_path/Frameworks";
				PRODUCT_BUNDLE_IDENTIFIER = isorftstone.FrostedGlass;
				PRODUCT_NAME = "$(TARGET_NAME)";
			};
			name = Debug;
		};
		65F0FF801CE02BAD00535749 /* Release */ = {
			isa = XCBuildConfiguration;
			buildSettings = {
				ASSETCATALOG_COMPILER_APPICON_NAME = AppIcon;
				INFOPLIST_FILE = FrostedGlass/Info.plist;
				LD_RUNPATH_SEARCH_PATHS = "$(inherited) @executable_path/Frameworks";
				PRODUCT_BUNDLE_IDENTIFIER = isorftstone.FrostedGlass;
				PRODUCT_NAME = "$(TARGET_NAME)";
			};
			name = Release;
		};
		65F0FF821CE02BAD00535749 /* Debug */ = {
			isa = XCBuildConfiguration;
			buildSettings = {
				BUNDLE_LOADER = "$(TEST_HOST)";
				INFOPLIST_FILE = FrostedGlassTests/Info.plist;
				LD_RUNPATH_SEARCH_PATHS = "$(inherited) @executable_path/Frameworks @loader_path/Frameworks";
				PRODUCT_BUNDLE_IDENTIFIER = isorftstone.FrostedGlassTests;
				PRODUCT_NAME = "$(TARGET_NAME)";
				TEST_HOST = "$(BUILT_PRODUCTS_DIR)/FrostedGlass.app/FrostedGlass";
			};
			name = Debug;
		};
		65F0FF831CE02BAD00535749 /* Release */ = {
			isa = XCBuildConfiguration;
			buildSettings = {
				BUNDLE_LOADER = "$(TEST_HOST)";
				INFOPLIST_FILE = FrostedGlassTests/Info.plist;
				LD_RUNPATH_SEARCH_PATHS = "$(inherited) @executable_path/Frameworks @loader_path/Frameworks";
				PRODUCT_BUNDLE_IDENTIFIER = isorftstone.FrostedGlassTests;
				PRODUCT_NAME = "$(TARGET_NAME)";
				TEST_HOST = "$(BUILT_PRODUCTS_DIR)/FrostedGlass.app/FrostedGlass";
			};
			name = Release;
		};
		65F0FF851CE02BAD00535749 /* Debug */ = {
			isa = XCBuildConfiguration;
			buildSettings = {
				INFOPLIST_FILE = FrostedGlassUITests/Info.plist;
				LD_RUNPATH_SEARCH_PATHS = "$(inherited) @executable_path/Frameworks @loader_path/Frameworks";
				PRODUCT_BUNDLE_IDENTIFIER = isorftstone.FrostedGlassUITests;
				PRODUCT_NAME = "$(TARGET_NAME)";
				TEST_TARGET_NAME = FrostedGlass;
				USES_XCTRUNNER = YES;
			};
			name = Debug;
		};
		65F0FF861CE02BAD00535749 /* Release */ = {
			isa = XCBuildConfiguration;
			buildSettings = {
				INFOPLIST_FILE = FrostedGlassUITests/Info.plist;
				LD_RUNPATH_SEARCH_PATHS = "$(inherited) @executable_path/Frameworks @loader_path/Frameworks";
				PRODUCT_BUNDLE_IDENTIFIER = isorftstone.FrostedGlassUITests;
				PRODUCT_NAME = "$(TARGET_NAME)";
				TEST_TARGET_NAME = FrostedGlass;
				USES_XCTRUNNER = YES;
			};
			name = Release;
		};
/* End XCBuildConfiguration section */

/* Begin XCConfigurationList section */
		65F0FF4C1CE02BAD00535749 /* Build configuration list for PBXProject "FrostedGlass" */ = {
			isa = XCConfigurationList;
			buildConfigurations = (
				65F0FF7C1CE02BAD00535749 /* Debug */,
				65F0FF7D1CE02BAD00535749 /* Release */,
			);
			defaultConfigurationIsVisible = 0;
			defaultConfigurationName = Release;
		};
		65F0FF7E1CE02BAD00535749 /* Build configuration list for PBXNativeTarget "FrostedGlass" */ = {
			isa = XCConfigurationList;
			buildConfigurations = (
				65F0FF7F1CE02BAD00535749 /* Debug */,
				65F0FF801CE02BAD00535749 /* Release */,
			);
			defaultConfigurationIsVisible = 0;
		};
		65F0FF811CE02BAD00535749 /* Build configuration list for PBXNativeTarget "FrostedGlassTests" */ = {
			isa = XCConfigurationList;
			buildConfigurations = (
				65F0FF821CE02BAD00535749 /* Debug */,
				65F0FF831CE02BAD00535749 /* Release */,
			);
			defaultConfigurationIsVisible = 0;
		};
		65F0FF841CE02BAD00535749 /* Build configuration list for PBXNativeTarget "FrostedGlassUITests" */ = {
			isa = XCConfigurationList;
			buildConfigurations = (
				65F0FF851CE02BAD00535749 /* Debug */,
				65F0FF861CE02BAD00535749 /* Release */,
			);
			defaultConfigurationIsVisible = 0;
		};
/* End XCConfigurationList section */
	};
	rootObject = 65F0FF491CE02BAD00535749 /* Project object */;
}
